// !$*UTF8*$!
{
	archiveVersion = 1;
	classes = {
	};
	objectVersion = 45;
	objects = {

/* Begin PBXBuildFile section */
		8DD76F650486A84900D96B5E /* main.cpp in Sources */ = {isa = PBXBuildFile; fileRef = 08FB7796FE84155DC02AAC07 /* main.cpp */; settings = {ATTRIBUTES = (); }; };
		8DD76F6A0486A84900D96B5E /* hatcore.1 in CopyFiles */ = {isa = PBXBuildFile; fileRef = C6859E8B029090EE04C91782 /* hatcore.1 */; };
		FE47F767136BADBE0029BC57 /* libiodbc.2.1.18.dylib in Frameworks */ = {isa = PBXBuildFile; fileRef = FE47F766136BADBE0029BC57 /* libiodbc.2.1.18.dylib */; };
		FEBA0EA31369B5D500540F83 /* Profile.cpp in Sources */ = {isa = PBXBuildFile; fileRef = FEBA0EA11369B5D500540F83 /* Profile.cpp */; };
		FEBA0F531369BFE700540F83 /* ProfileI.cpp in Sources */ = {isa = PBXBuildFile; fileRef = FEBA0F511369BFE700540F83 /* ProfileI.cpp */; };
		FEBA0FA81369C6F300540F83 /* Filter.cpp in Sources */ = {isa = PBXBuildFile; fileRef = FEBA0FA61369C6F300540F83 /* Filter.cpp */; };
		FEBA0FAD1369C74600540F83 /* FilterI.cpp in Sources */ = {isa = PBXBuildFile; fileRef = FEBA0FAB1369C74600540F83 /* FilterI.cpp */; };
		FEBA0FD81369D20800540F83 /* Filter.ice in Sources */ = {isa = PBXBuildFile; fileRef = FEBA0FD61369D20800540F83 /* Filter.ice */; };
		FEBA0FD91369D20800540F83 /* Profile.ice in Sources */ = {isa = PBXBuildFile; fileRef = FEBA0FD71369D20800540F83 /* Profile.ice */; };
		FEBA10051369D39F00540F83 /* libIce.34.dylib in Frameworks */ = {isa = PBXBuildFile; fileRef = FEBA10041369D39F00540F83 /* libIce.34.dylib */; };
		FEBA10071369D39F00540F83 /* libIceUtil.34.dylib in Frameworks */ = {isa = PBXBuildFile; fileRef = FEBA10061369D39F00540F83 /* libIceUtil.34.dylib */; };
		FEBA119E136A0DF700540F83 /* Persistence.cpp in Sources */ = {isa = PBXBuildFile; fileRef = FEBA119C136A0DF700540F83 /* Persistence.cpp */; };
/* End PBXBuildFile section */

/* Begin PBXCopyFilesBuildPhase section */
		8DD76F690486A84900D96B5E /* CopyFiles */ = {
			isa = PBXCopyFilesBuildPhase;
			buildActionMask = 8;
			dstPath = /usr/share/man/man1/;
			dstSubfolderSpec = 0;
			files = (
				8DD76F6A0486A84900D96B5E /* hatcore.1 in CopyFiles */,
			);
			runOnlyForDeploymentPostprocessing = 1;
		};
/* End PBXCopyFilesBuildPhase section */

/* Begin PBXFileReference section */
		08FB7796FE84155DC02AAC07 /* main.cpp */ = {isa = PBXFileReference; fileEncoding = 4; lastKnownFileType = sourcecode.cpp.cpp; path = main.cpp; sourceTree = "<group>"; };
		8DD76F6C0486A84900D96B5E /* hatcored */ = {isa = PBXFileReference; explicitFileType = "compiled.mach-o.executable"; includeInIndex = 0; path = hatcored; sourceTree = BUILT_PRODUCTS_DIR; };
		C6859E8B029090EE04C91782 /* hatcore.1 */ = {isa = PBXFileReference; lastKnownFileType = text.man; path = hatcore.1; sourceTree = "<group>"; };
		FE47F766136BADBE0029BC57 /* libiodbc.2.1.18.dylib */ = {isa = PBXFileReference; lastKnownFileType = "compiled.mach-o.dylib"; name = libiodbc.2.1.18.dylib; path = usr/lib/libiodbc.2.1.18.dylib; sourceTree = SDKROOT; };
		FEBA0EA11369B5D500540F83 /* Profile.cpp */ = {isa = PBXFileReference; fileEncoding = 4; lastKnownFileType = sourcecode.cpp.cpp; path = Profile.cpp; sourceTree = "<group>"; };
		FEBA0EA21369B5D500540F83 /* Profile.h */ = {isa = PBXFileReference; fileEncoding = 4; lastKnownFileType = sourcecode.c.h; path = Profile.h; sourceTree = "<group>"; };
		FEBA0F511369BFE700540F83 /* ProfileI.cpp */ = {isa = PBXFileReference; fileEncoding = 4; lastKnownFileType = sourcecode.cpp.cpp; path = ProfileI.cpp; sourceTree = "<group>"; };
		FEBA0F521369BFE700540F83 /* ProfileI.h */ = {isa = PBXFileReference; fileEncoding = 4; lastKnownFileType = sourcecode.c.h; path = ProfileI.h; sourceTree = "<group>"; };
		FEBA0FA61369C6F300540F83 /* Filter.cpp */ = {isa = PBXFileReference; fileEncoding = 4; lastKnownFileType = sourcecode.cpp.cpp; path = Filter.cpp; sourceTree = "<group>"; };
		FEBA0FA71369C6F300540F83 /* Filter.h */ = {isa = PBXFileReference; fileEncoding = 4; lastKnownFileType = sourcecode.c.h; path = Filter.h; sourceTree = "<group>"; };
		FEBA0FAB1369C74600540F83 /* FilterI.cpp */ = {isa = PBXFileReference; fileEncoding = 4; lastKnownFileType = sourcecode.cpp.cpp; path = FilterI.cpp; sourceTree = "<group>"; };
		FEBA0FAC1369C74600540F83 /* FilterI.h */ = {isa = PBXFileReference; fileEncoding = 4; lastKnownFileType = sourcecode.c.h; path = FilterI.h; sourceTree = "<group>"; };
		FEBA0FD61369D20800540F83 /* Filter.ice */ = {isa = PBXFileReference; fileEncoding = 4; lastKnownFileType = sourcecode.slice; name = Filter.ice; path = ../slice/Filter.ice; sourceTree = SOURCE_ROOT; };
		FEBA0FD71369D20800540F83 /* Profile.ice */ = {isa = PBXFileReference; fileEncoding = 4; lastKnownFileType = sourcecode.slice; name = Profile.ice; path = ../slice/Profile.ice; sourceTree = SOURCE_ROOT; };
		FEBA10041369D39F00540F83 /* libIce.34.dylib */ = {isa = PBXFileReference; lastKnownFileType = "compiled.mach-o.dylib"; name = libIce.34.dylib; path = "/opt/Ice-3.4/lib/libIce.34.dylib"; sourceTree = "<absolute>"; };
		FEBA10061369D39F00540F83 /* libIceUtil.34.dylib */ = {isa = PBXFileReference; lastKnownFileType = "compiled.mach-o.dylib"; name = libIceUtil.34.dylib; path = "/opt/Ice-3.4/lib/libIceUtil.34.dylib"; sourceTree = "<absolute>"; };
		FEBA119C136A0DF700540F83 /* Persistence.cpp */ = {isa = PBXFileReference; fileEncoding = 4; lastKnownFileType = sourcecode.cpp.cpp; path = Persistence.cpp; sourceTree = "<group>"; };
		FEBA119D136A0DF700540F83 /* Persistence.h */ = {isa = PBXFileReference; fileEncoding = 4; lastKnownFileType = sourcecode.c.h; path = Persistence.h; sourceTree = "<group>"; };
		FEBA11A0136A0E7300540F83 /* otlv4.h */ = {isa = PBXFileReference; fileEncoding = 4; lastKnownFileType = sourcecode.c.h; path = otlv4.h; sourceTree = "<group>"; };
/* End PBXFileReference section */

/* Begin PBXFrameworksBuildPhase section */
		8DD76F660486A84900D96B5E /* Frameworks */ = {
			isa = PBXFrameworksBuildPhase;
			buildActionMask = 2147483647;
			files = (
				FEBA10051369D39F00540F83 /* libIce.34.dylib in Frameworks */,
				FEBA10071369D39F00540F83 /* libIceUtil.34.dylib in Frameworks */,
				FE47F767136BADBE0029BC57 /* libiodbc.2.1.18.dylib in Frameworks */,
			);
			runOnlyForDeploymentPostprocessing = 0;
		};
/* End PBXFrameworksBuildPhase section */

/* Begin PBXGroup section */
		08FB7794FE84155DC02AAC07 /* hatcore */ = {
			isa = PBXGroup;
			children = (
				FEBA0E5E1369B04C00540F83 /* Slice */,
				08FB7795FE84155DC02AAC07 /* Source */,
				C6859E8C029090F304C91782 /* Documentation */,
				1AB674ADFE9D54B511CA2CBB /* Products */,
				FEBA10041369D39F00540F83 /* libIce.34.dylib */,
				FEBA10061369D39F00540F83 /* libIceUtil.34.dylib */,
				FE47F766136BADBE0029BC57 /* libiodbc.2.1.18.dylib */,
			);
			name = hatcore;
			sourceTree = "<group>";
		};
		08FB7795FE84155DC02AAC07 /* Source */ = {
			isa = PBXGroup;
			children = (
				FEBA11A0136A0E7300540F83 /* otlv4.h */,
				FEBA119C136A0DF700540F83 /* Persistence.cpp */,
				FEBA119D136A0DF700540F83 /* Persistence.h */,
				FEBA0FAB1369C74600540F83 /* FilterI.cpp */,
				FEBA0FAC1369C74600540F83 /* FilterI.h */,
				FEBA0FA61369C6F300540F83 /* Filter.cpp */,
				FEBA0FA71369C6F300540F83 /* Filter.h */,
				FEBA0F511369BFE700540F83 /* ProfileI.cpp */,
				FEBA0F521369BFE700540F83 /* ProfileI.h */,
				FEBA0EA11369B5D500540F83 /* Profile.cpp */,
				FEBA0EA21369B5D500540F83 /* Profile.h */,
				08FB7796FE84155DC02AAC07 /* main.cpp */,
			);
			name = Source;
			sourceTree = "<group>";
		};
		1AB674ADFE9D54B511CA2CBB /* Products */ = {
			isa = PBXGroup;
			children = (
				8DD76F6C0486A84900D96B5E /* hatcored */,
			);
			name = Products;
			sourceTree = "<group>";
		};
		C6859E8C029090F304C91782 /* Documentation */ = {
			isa = PBXGroup;
			children = (
				C6859E8B029090EE04C91782 /* hatcore.1 */,
			);
			name = Documentation;
			sourceTree = "<group>";
		};
		FEBA0E5E1369B04C00540F83 /* Slice */ = {
			isa = PBXGroup;
			children = (
				FEBA0FD61369D20800540F83 /* Filter.ice */,
				FEBA0FD71369D20800540F83 /* Profile.ice */,
			);
			name = Slice;
			sourceTree = "<group>";
		};
/* End PBXGroup section */

/* Begin PBXNativeTarget section */
		8DD76F620486A84900D96B5E /* hatcore */ = {
			isa = PBXNativeTarget;
			buildConfigurationList = 1DEB923108733DC60010E9CD /* Build configuration list for PBXNativeTarget "hatcore" */;
			buildPhases = (
				FEBA0E661369B0A100540F83 /* ShellScript */,
				8DD76F640486A84900D96B5E /* Sources */,
				8DD76F660486A84900D96B5E /* Frameworks */,
				8DD76F690486A84900D96B5E /* CopyFiles */,
				FEBA0E291369ADD000540F83 /* ShellScript */,
			);
			buildRules = (
			);
			dependencies = (
			);
			name = hatcore;
			productInstallPath = "$(HOME)/bin";
			productName = hatcore;
			productReference = 8DD76F6C0486A84900D96B5E /* hatcored */;
			productType = "com.apple.product-type.tool";
		};
/* End PBXNativeTarget section */

/* Begin PBXProject section */
		08FB7793FE84155DC02AAC07 /* Project object */ = {
			isa = PBXProject;
			buildConfigurationList = 1DEB923508733DC60010E9CD /* Build configuration list for PBXProject "hatcore" */;
			compatibilityVersion = "Xcode 3.1";
			developmentRegion = English;
			hasScannedForEncodings = 1;
			knownRegions = (
				English,
				Japanese,
				French,
				German,
			);
			mainGroup = 08FB7794FE84155DC02AAC07 /* hatcore */;
			projectDirPath = "";
			projectRoot = "";
			targets = (
				8DD76F620486A84900D96B5E /* hatcore */,
			);
		};
/* End PBXProject section */

/* Begin PBXShellScriptBuildPhase section */
		FEBA0E291369ADD000540F83 /* ShellScript */ = {
			isa = PBXShellScriptBuildPhase;
			buildActionMask = 2147483647;
			files = (
			);
			inputPaths = (
			);
			outputPaths = (
			);
			runOnlyForDeploymentPostprocessing = 0;
			shellPath = /bin/sh;
			shellScript = "cp $CONFIGURATION_BUILD_DIR/$EXECUTABLE_PATH $PROJECT_DIR/../bin/$EXECUTABLE_PATH\n";
		};
		FEBA0E661369B0A100540F83 /* ShellScript */ = {
			isa = PBXShellScriptBuildPhase;
			buildActionMask = 2147483647;
			files = (
			);
			inputPaths = (
			);
			outputPaths = (
			);
			runOnlyForDeploymentPostprocessing = 0;
			shellPath = /bin/sh;
			shellScript = "/opt/Ice-3.4/bin/slice2cpp -I/opt/Ice-3.4/slice ../slice/Profile.ice\n/opt/Ice-3.4/bin/slice2cpp -I/opt/Ice-3.4/slice ../slice/Filter.ice\n\n";
		};
/* End PBXShellScriptBuildPhase section */

/* Begin PBXSourcesBuildPhase section */
		8DD76F640486A84900D96B5E /* Sources */ = {
			isa = PBXSourcesBuildPhase;
			buildActionMask = 2147483647;
			files = (
				8DD76F650486A84900D96B5E /* main.cpp in Sources */,
				FEBA0EA31369B5D500540F83 /* Profile.cpp in Sources */,
				FEBA0F531369BFE700540F83 /* ProfileI.cpp in Sources */,
				FEBA0FA81369C6F300540F83 /* Filter.cpp in Sources */,
				FEBA0FAD1369C74600540F83 /* FilterI.cpp in Sources */,
				FEBA0FD81369D20800540F83 /* Filter.ice in Sources */,
				FEBA0FD91369D20800540F83 /* Profile.ice in Sources */,
				FEBA119E136A0DF700540F83 /* Persistence.cpp in Sources */,
			);
			runOnlyForDeploymentPostprocessing = 0;
		};
/* End PBXSourcesBuildPhase section */

/* Begin XCBuildConfiguration section */
		1DEB923208733DC60010E9CD /* Debug */ = {
			isa = XCBuildConfiguration;
			buildSettings = {
				ALWAYS_SEARCH_USER_PATHS = NO;
				COPY_PHASE_STRIP = NO;
				GCC_DYNAMIC_NO_PIC = NO;
				GCC_ENABLE_FIX_AND_CONTINUE = YES;
				GCC_MODEL_TUNING = G5;
				GCC_OPTIMIZATION_LEVEL = 0;
				INSTALL_PATH = "@rpath";
				LIBRARY_SEARCH_PATHS = (
					"$(inherited)",
					"\"/opt/Ice-3.4/lib\"",
				);
				ONLY_ACTIVE_ARCH = YES;
				PRODUCT_NAME = hatcored;
			};
			name = Debug;
		};
		1DEB923308733DC60010E9CD /* Release */ = {
			isa = XCBuildConfiguration;
			buildSettings = {
				ALWAYS_SEARCH_USER_PATHS = NO;
				DEBUG_INFORMATION_FORMAT = "dwarf-with-dsym";
				GCC_MODEL_TUNING = G5;
				INSTALL_PATH = "@rpath";
				LIBRARY_SEARCH_PATHS = (
					"$(inherited)",
					"\"/opt/Ice-3.4/lib\"",
				);
				ONLY_ACTIVE_ARCH = YES;
				PRODUCT_NAME = hatcore;
			};
			name = Release;
		};
		1DEB923608733DC60010E9CD /* Debug */ = {
			isa = XCBuildConfiguration;
			buildSettings = {
				ARCHS = "$(ARCHS_STANDARD_64_BIT)";
				GCC_C_LANGUAGE_STANDARD = gnu99;
				GCC_OPTIMIZATION_LEVEL = 0;
				GCC_WARN_ABOUT_RETURN_TYPE = YES;
				GCC_WARN_UNUSED_VARIABLE = YES;
				HEADER_SEARCH_PATHS = (
					"/opt/Ice-3.4/include",
					.,
				);
				ONLY_ACTIVE_ARCH = YES;
				PREBINDING = NO;
				SDKROOT = macosx10.6;
			};
			name = Debug;
		};
		1DEB923708733DC60010E9CD /* Release */ = {
			isa = XCBuildConfiguration;
			buildSettings = {
				ARCHS = "$(ARCHS_STANDARD_64_BIT)";
				GCC_C_LANGUAGE_STANDARD = gnu99;
				GCC_WARN_ABOUT_RETURN_TYPE = YES;
				GCC_WARN_UNUSED_VARIABLE = YES;
				HEADER_SEARCH_PATHS = (
					"/opt/Ice-3.4/include",
					.,
				);
				PREBINDING = NO;
				SDKROOT = macosx10.6;
			};
			name = Release;
		};
/* End XCBuildConfiguration section */

/* Begin XCConfigurationList section */
		1DEB923108733DC60010E9CD /* Build configuration list for PBXNativeTarget "hatcore" */ = {
			isa = XCConfigurationList;
			buildConfigurations = (
				1DEB923208733DC60010E9CD /* Debug */,
				1DEB923308733DC60010E9CD /* Release */,
			);
			defaultConfigurationIsVisible = 0;
			defaultConfigurationName = Release;
		};
		1DEB923508733DC60010E9CD /* Build configuration list for PBXProject "hatcore" */ = {
			isa = XCConfigurationList;
			buildConfigurations = (
				1DEB923608733DC60010E9CD /* Debug */,
				1DEB923708733DC60010E9CD /* Release */,
			);
			defaultConfigurationIsVisible = 0;
			defaultConfigurationName = Release;
		};
/* End XCConfigurationList section */
	};
	rootObject = 08FB7793FE84155DC02AAC07 /* Project object */;
}
