// !$*UTF8*$!
{
	archiveVersion = 1;
	classes = {
	};
	objectVersion = 45;
	objects = {

/* Begin PBXBuildFile section */
		8DD76F650486A84900D96B5E /* main.cpp in Sources */ = {isa = PBXBuildFile; fileRef = 08FB7796FE84155DC02AAC07 /* main.cpp */; settings = {ATTRIBUTES = (); }; };
		8DD76F6A0486A84900D96B5E /* hat.1 in CopyFiles */ = {isa = PBXBuildFile; fileRef = C6859E8B029090EE04C91782 /* hat.1 */; };
		FEBA0FE91369D2AB00540F83 /* Filter.ice in Sources */ = {isa = PBXBuildFile; fileRef = FEBA0FE71369D2AB00540F83 /* Filter.ice */; };
		FEBA0FF11369D30400540F83 /* Filter.cpp in Sources */ = {isa = PBXBuildFile; fileRef = FEBA0FEF1369D30400540F83 /* Filter.cpp */; };
		FEBA0FF91369D34400540F83 /* libIce.34.dylib in Frameworks */ = {isa = PBXBuildFile; fileRef = FEBA0FF81369D34400540F83 /* libIce.34.dylib */; };
		FEBA0FFB1369D34400540F83 /* libIceUtil.34.dylib in Frameworks */ = {isa = PBXBuildFile; fileRef = FEBA0FFA1369D34400540F83 /* libIceUtil.34.dylib */; };
		FEBA1135136A09A100540F83 /* Synchronizer.ice in Sources */ = {isa = PBXBuildFile; fileRef = FEBA1134136A09A100540F83 /* Synchronizer.ice */; };
		FEBA113A136A09D300540F83 /* Synchronizer.cpp in Sources */ = {isa = PBXBuildFile; fileRef = FEBA1138136A09D300540F83 /* Synchronizer.cpp */; };
/* End PBXBuildFile section */

/* Begin PBXCopyFilesBuildPhase section */
		8DD76F690486A84900D96B5E /* CopyFiles */ = {
			isa = PBXCopyFilesBuildPhase;
			buildActionMask = 8;
			dstPath = /usr/share/man/man1/;
			dstSubfolderSpec = 0;
			files = (
				8DD76F6A0486A84900D96B5E /* hat.1 in CopyFiles */,
			);
			runOnlyForDeploymentPostprocessing = 1;
		};
/* End PBXCopyFilesBuildPhase section */

/* Begin PBXFileReference section */
		08FB7796FE84155DC02AAC07 /* main.cpp */ = {isa = PBXFileReference; fileEncoding = 4; lastKnownFileType = sourcecode.cpp.cpp; path = main.cpp; sourceTree = "<group>"; };
		8DD76F6C0486A84900D96B5E /* hatd */ = {isa = PBXFileReference; explicitFileType = "compiled.mach-o.executable"; includeInIndex = 0; path = hatd; sourceTree = BUILT_PRODUCTS_DIR; };
		C6859E8B029090EE04C91782 /* hat.1 */ = {isa = PBXFileReference; lastKnownFileType = text.man; path = hat.1; sourceTree = "<group>"; };
		FEBA0FE71369D2AB00540F83 /* Filter.ice */ = {isa = PBXFileReference; fileEncoding = 4; lastKnownFileType = sourcecode.slice; name = Filter.ice; path = ../slice/Filter.ice; sourceTree = SOURCE_ROOT; };
		FEBA0FEF1369D30400540F83 /* Filter.cpp */ = {isa = PBXFileReference; fileEncoding = 4; lastKnownFileType = sourcecode.cpp.cpp; path = Filter.cpp; sourceTree = "<group>"; };
		FEBA0FF01369D30400540F83 /* Filter.h */ = {isa = PBXFileReference; fileEncoding = 4; lastKnownFileType = sourcecode.c.h; path = Filter.h; sourceTree = "<group>"; };
		FEBA0FF81369D34400540F83 /* libIce.34.dylib */ = {isa = PBXFileReference; lastKnownFileType = "compiled.mach-o.dylib"; name = libIce.34.dylib; path = "/opt/Ice-3.4/lib/libIce.34.dylib"; sourceTree = "<absolute>"; };
		FEBA0FFA1369D34400540F83 /* libIceUtil.34.dylib */ = {isa = PBXFileReference; lastKnownFileType = "compiled.mach-o.dylib"; name = libIceUtil.34.dylib; path = "/opt/Ice-3.4/lib/libIceUtil.34.dylib"; sourceTree = "<absolute>"; };
		FEBA1134136A09A100540F83 /* Synchronizer.ice */ = {isa = PBXFileReference; fileEncoding = 4; lastKnownFileType = sourcecode.slice; name = Synchronizer.ice; path = ../slice/Synchronizer.ice; sourceTree = SOURCE_ROOT; };
		FEBA1138136A09D300540F83 /* Synchronizer.cpp */ = {isa = PBXFileReference; fileEncoding = 4; lastKnownFileType = sourcecode.cpp.cpp; path = Synchronizer.cpp; sourceTree = "<group>"; };
		FEBA1139136A09D300540F83 /* Synchronizer.h */ = {isa = PBXFileReference; fileEncoding = 4; lastKnownFileType = sourcecode.c.h; path = Synchronizer.h; sourceTree = "<group>"; };
/* End PBXFileReference section */

/* Begin PBXFrameworksBuildPhase section */
		8DD76F660486A84900D96B5E /* Frameworks */ = {
			isa = PBXFrameworksBuildPhase;
			buildActionMask = 2147483647;
			files = (
				FEBA0FF91369D34400540F83 /* libIce.34.dylib in Frameworks */,
				FEBA0FFB1369D34400540F83 /* libIceUtil.34.dylib in Frameworks */,
			);
			runOnlyForDeploymentPostprocessing = 0;
		};
/* End PBXFrameworksBuildPhase section */

/* Begin PBXGroup section */
		08FB7794FE84155DC02AAC07 /* hat */ = {
			isa = PBXGroup;
			children = (
				FEBA0FE61369D29600540F83 /* Slice */,
				08FB7795FE84155DC02AAC07 /* Source */,
				C6859E8C029090F304C91782 /* Documentation */,
				1AB674ADFE9D54B511CA2CBB /* Products */,
				FEBA0FF81369D34400540F83 /* libIce.34.dylib */,
				FEBA0FFA1369D34400540F83 /* libIceUtil.34.dylib */,
			);
			name = hat;
			sourceTree = "<group>";
		};
		08FB7795FE84155DC02AAC07 /* Source */ = {
			isa = PBXGroup;
			children = (
				FEBA1138136A09D300540F83 /* Synchronizer.cpp */,
				FEBA1139136A09D300540F83 /* Synchronizer.h */,
				FEBA0FEF1369D30400540F83 /* Filter.cpp */,
				FEBA0FF01369D30400540F83 /* Filter.h */,
				08FB7796FE84155DC02AAC07 /* main.cpp */,
			);
			name = Source;
			sourceTree = "<group>";
		};
		1AB674ADFE9D54B511CA2CBB /* Products */ = {
			isa = PBXGroup;
			children = (
				8DD76F6C0486A84900D96B5E /* hatd */,
			);
			name = Products;
			sourceTree = "<group>";
		};
		C6859E8C029090F304C91782 /* Documentation */ = {
			isa = PBXGroup;
			children = (
				C6859E8B029090EE04C91782 /* hat.1 */,
			);
			name = Documentation;
			sourceTree = "<group>";
		};
		FEBA0FE61369D29600540F83 /* Slice */ = {
			isa = PBXGroup;
			children = (
				FEBA1134136A09A100540F83 /* Synchronizer.ice */,
				FEBA0FE71369D2AB00540F83 /* Filter.ice */,
			);
			name = Slice;
			sourceTree = "<group>";
		};
/* End PBXGroup section */

/* Begin PBXNativeTarget section */
		8DD76F620486A84900D96B5E /* hat */ = {
			isa = PBXNativeTarget;
			buildConfigurationList = 1DEB923108733DC60010E9CD /* Build configuration list for PBXNativeTarget "hat" */;
			buildPhases = (
				FEBA0FEC1369D2BC00540F83 /* ShellScript */,
				8DD76F640486A84900D96B5E /* Sources */,
				8DD76F660486A84900D96B5E /* Frameworks */,
				8DD76F690486A84900D96B5E /* CopyFiles */,
				FE02526A1350E5A200E89344 /* ShellScript */,
			);
			buildRules = (
			);
			dependencies = (
			);
			name = hat;
			productInstallPath = "$(HOME)/bin";
			productName = hat;
			productReference = 8DD76F6C0486A84900D96B5E /* hatd */;
			productType = "com.apple.product-type.tool";
		};
/* End PBXNativeTarget section */

/* Begin PBXProject section */
		08FB7793FE84155DC02AAC07 /* Project object */ = {
			isa = PBXProject;
			buildConfigurationList = 1DEB923508733DC60010E9CD /* Build configuration list for PBXProject "hat" */;
			compatibilityVersion = "Xcode 3.1";
			hasScannedForEncodings = 1;
			mainGroup = 08FB7794FE84155DC02AAC07 /* hat */;
			projectDirPath = "";
			projectRoot = "";
			targets = (
				8DD76F620486A84900D96B5E /* hat */,
			);
		};
/* End PBXProject section */

/* Begin PBXShellScriptBuildPhase section */
		FE02526A1350E5A200E89344 /* ShellScript */ = {
			isa = PBXShellScriptBuildPhase;
			buildActionMask = 2147483647;
			files = (
			);
			inputPaths = (
			);
			outputPaths = (
			);
			runOnlyForDeploymentPostprocessing = 0;
			shellPath = /bin/sh;
			shellScript = "cp $CONFIGURATION_BUILD_DIR/$EXECUTABLE_PATH $PROJECT_DIR/../bin/$EXECUTABLE_PATH\n";
		};
		FEBA0FEC1369D2BC00540F83 /* ShellScript */ = {
			isa = PBXShellScriptBuildPhase;
			buildActionMask = 2147483647;
			files = (
			);
			inputPaths = (
			);
			outputPaths = (
			);
			runOnlyForDeploymentPostprocessing = 0;
			shellPath = /bin/sh;
			shellScript = "/opt/Ice-3.4/bin/slice2cpp -I/opt/Ice-3.4/slice ../slice/Filter.ice\n/opt/Ice-3.4/bin/slice2cpp -I/opt/Ice-3.4/slice ../slice/Synchronizer.ice\n\n";
		};
/* End PBXShellScriptBuildPhase section */

/* Begin PBXSourcesBuildPhase section */
		8DD76F640486A84900D96B5E /* Sources */ = {
			isa = PBXSourcesBuildPhase;
			buildActionMask = 2147483647;
			files = (
				8DD76F650486A84900D96B5E /* main.cpp in Sources */,
				FEBA0FE91369D2AB00540F83 /* Filter.ice in Sources */,
				FEBA0FF11369D30400540F83 /* Filter.cpp in Sources */,
				FEBA1135136A09A100540F83 /* Synchronizer.ice in Sources */,
				FEBA113A136A09D300540F83 /* Synchronizer.cpp in Sources */,
			);
			runOnlyForDeploymentPostprocessing = 0;
		};
/* End PBXSourcesBuildPhase section */

/* Begin XCBuildConfiguration section */
		1DEB923208733DC60010E9CD /* Debug */ = {
			isa = XCBuildConfiguration;
			buildSettings = {
				ALWAYS_SEARCH_USER_PATHS = NO;
				ARCHS = "$(ARCHS_STANDARD_32_BIT)";
				COPY_PHASE_STRIP = NO;
				GCC_DYNAMIC_NO_PIC = NO;
				GCC_ENABLE_FIX_AND_CONTINUE = YES;
				GCC_MODEL_TUNING = G5;
				GCC_OPTIMIZATION_LEVEL = 0;
				INSTALL_PATH = "@rpath";
				LIBRARY_SEARCH_PATHS = (
					"$(inherited)",
					"\"/opt/Ice-3.4/lib\"",
				);
				PRODUCT_NAME = hatd;
			};
			name = Debug;
		};
		1DEB923308733DC60010E9CD /* Release */ = {
			isa = XCBuildConfiguration;
			buildSettings = {
				ALWAYS_SEARCH_USER_PATHS = NO;
				ARCHS = "$(ARCHS_STANDARD_32_BIT)";
				DEBUG_INFORMATION_FORMAT = "dwarf-with-dsym";
				GCC_MODEL_TUNING = G5;
				INSTALL_PATH = "@rpath";
				LIBRARY_SEARCH_PATHS = (
					"$(inherited)",
					"\"/opt/Ice-3.4/lib\"",
				);
				PRODUCT_NAME = hat;
			};
			name = Release;
		};
		1DEB923608733DC60010E9CD /* Debug */ = {
			isa = XCBuildConfiguration;
			buildSettings = {
				ARCHS = "$(ARCHS_STANDARD_32_BIT)";
				GCC_C_LANGUAGE_STANDARD = gnu99;
				GCC_OPTIMIZATION_LEVEL = 0;
				GCC_WARN_ABOUT_RETURN_TYPE = YES;
				GCC_WARN_UNUSED_VARIABLE = YES;
				HEADER_SEARCH_PATHS = (
					"/opt/Ice-3.4/include",
					.,
				);
				ONLY_ACTIVE_ARCH = YES;
				PREBINDING = NO;
				SDKROOT = macosx10.6;
			};
			name = Debug;
		};
		1DEB923708733DC60010E9CD /* Release */ = {
			isa = XCBuildConfiguration;
			buildSettings = {
				ARCHS = "$(ARCHS_STANDARD_32_BIT)";
				GCC_C_LANGUAGE_STANDARD = gnu99;
				GCC_WARN_ABOUT_RETURN_TYPE = YES;
				GCC_WARN_UNUSED_VARIABLE = YES;
				HEADER_SEARCH_PATHS = (
					"/opt/Ice-3.4/include",
					.,
				);
				ONLY_ACTIVE_ARCH = YES;
				PREBINDING = NO;
				SDKROOT = macosx10.6;
			};
			name = Release;
		};
/* End XCBuildConfiguration section */

/* Begin XCConfigurationList section */
		1DEB923108733DC60010E9CD /* Build configuration list for PBXNativeTarget "hat" */ = {
			isa = XCConfigurationList;
			buildConfigurations = (
				1DEB923208733DC60010E9CD /* Debug */,
				1DEB923308733DC60010E9CD /* Release */,
			);
			defaultConfigurationIsVisible = 0;
			defaultConfigurationName = Release;
		};
		1DEB923508733DC60010E9CD /* Build configuration list for PBXProject "hat" */ = {
			isa = XCConfigurationList;
			buildConfigurations = (
				1DEB923608733DC60010E9CD /* Debug */,
				1DEB923708733DC60010E9CD /* Release */,
			);
			defaultConfigurationIsVisible = 0;
			defaultConfigurationName = Release;
		};
/* End XCConfigurationList section */
	};
	rootObject = 08FB7793FE84155DC02AAC07 /* Project object */;
}
