// !$*UTF8*$!
{
	archiveVersion = 1;
	classes = {
	};
	objectVersion = 45;
	objects = {

/* Begin PBXBuildFile section */
		8DD76F650486A84900D96B5E /* main.cpp in Sources */ = {isa = PBXBuildFile; fileRef = 08FB7796FE84155DC02AAC07 /* main.cpp */; settings = {ATTRIBUTES = (); }; };
		8DD76F6A0486A84900D96B5E /* hatsync.1 in CopyFiles */ = {isa = PBXBuildFile; fileRef = C6859E8B029090EE04C91782 /* hatsync.1 */; };
		FE47F9AE136C987A0029BC57 /* libIce.34.dylib in Frameworks */ = {isa = PBXBuildFile; fileRef = FE47F9AD136C987A0029BC57 /* libIce.34.dylib */; };
		FE47F9B0136C988A0029BC57 /* CoreServices.framework in Frameworks */ = {isa = PBXBuildFile; fileRef = FE47F9AF136C988A0029BC57 /* CoreServices.framework */; };
		FE47F9B2136C98980029BC57 /* libIceUtil.34.dylib in Frameworks */ = {isa = PBXBuildFile; fileRef = FE47F9B1136C98980029BC57 /* libIceUtil.34.dylib */; };
		FE47F9B6136C98BC0029BC57 /* Profile.ice in Sources */ = {isa = PBXBuildFile; fileRef = FE47F9B4136C98BC0029BC57 /* Profile.ice */; };
		FE47F9B7136C98BC0029BC57 /* Synchronizer.ice in Sources */ = {isa = PBXBuildFile; fileRef = FE47F9B5136C98BC0029BC57 /* Synchronizer.ice */; };
		FE47F9C3136C99090029BC57 /* FSWatcher.cpp in Sources */ = {isa = PBXBuildFile; fileRef = FE47F9B8136C99090029BC57 /* FSWatcher.cpp */; };
		FE47F9C4136C99090029BC57 /* ImgFile.cpp in Sources */ = {isa = PBXBuildFile; fileRef = FE47F9BA136C99090029BC57 /* ImgFile.cpp */; };
		FE47F9C5136C99090029BC57 /* Profile.cpp in Sources */ = {isa = PBXBuildFile; fileRef = FE47F9BC136C99090029BC57 /* Profile.cpp */; };
		FE47F9C6136C99090029BC57 /* Synchronizer.cpp in Sources */ = {isa = PBXBuildFile; fileRef = FE47F9BE136C99090029BC57 /* Synchronizer.cpp */; };
		FE47F9C7136C99090029BC57 /* SynchronizerI.cpp in Sources */ = {isa = PBXBuildFile; fileRef = FE47F9C0136C99090029BC57 /* SynchronizerI.cpp */; };
		FE47F9C8136C99090029BC57 /* Watcher.cpp in Sources */ = {isa = PBXBuildFile; fileRef = FE47F9C2136C99090029BC57 /* Watcher.cpp */; };
		FE47F9CA136C991F0029BC57 /* OpenCV.framework in Frameworks */ = {isa = PBXBuildFile; fileRef = FE47F9C9136C991F0029BC57 /* OpenCV.framework */; };
		FE47F9CF136C99340029BC57 /* libcrypto.0.9.8.dylib in Frameworks */ = {isa = PBXBuildFile; fileRef = FE47F9CE136C99340029BC57 /* libcrypto.0.9.8.dylib */; };
/* End PBXBuildFile section */

/* Begin PBXCopyFilesBuildPhase section */
		8DD76F690486A84900D96B5E /* CopyFiles */ = {
			isa = PBXCopyFilesBuildPhase;
			buildActionMask = 8;
			dstPath = /usr/share/man/man1/;
			dstSubfolderSpec = 0;
			files = (
				8DD76F6A0486A84900D96B5E /* hatsync.1 in CopyFiles */,
			);
			runOnlyForDeploymentPostprocessing = 1;
		};
/* End PBXCopyFilesBuildPhase section */

/* Begin PBXFileReference section */
		08FB7796FE84155DC02AAC07 /* main.cpp */ = {isa = PBXFileReference; fileEncoding = 4; lastKnownFileType = sourcecode.cpp.cpp; path = main.cpp; sourceTree = "<group>"; };
		8DD76F6C0486A84900D96B5E /* hatsyncd */ = {isa = PBXFileReference; explicitFileType = "compiled.mach-o.executable"; includeInIndex = 0; path = hatsyncd; sourceTree = BUILT_PRODUCTS_DIR; };
		C6859E8B029090EE04C91782 /* hatsync.1 */ = {isa = PBXFileReference; lastKnownFileType = text.man; path = hatsync.1; sourceTree = "<group>"; };
		FE47F9AD136C987A0029BC57 /* libIce.34.dylib */ = {isa = PBXFileReference; lastKnownFileType = "compiled.mach-o.dylib"; name = libIce.34.dylib; path = "/opt/Ice-3.4/lib/libIce.34.dylib"; sourceTree = "<absolute>"; };
		FE47F9AF136C988A0029BC57 /* CoreServices.framework */ = {isa = PBXFileReference; lastKnownFileType = wrapper.framework; name = CoreServices.framework; path = System/Library/Frameworks/CoreServices.framework; sourceTree = SDKROOT; };
		FE47F9B1136C98980029BC57 /* libIceUtil.34.dylib */ = {isa = PBXFileReference; lastKnownFileType = "compiled.mach-o.dylib"; name = libIceUtil.34.dylib; path = "/opt/Ice-3.4/lib/libIceUtil.34.dylib"; sourceTree = "<absolute>"; };
		FE47F9B4136C98BC0029BC57 /* Profile.ice */ = {isa = PBXFileReference; fileEncoding = 4; lastKnownFileType = sourcecode.slice; name = Profile.ice; path = ../slice/Profile.ice; sourceTree = SOURCE_ROOT; };
		FE47F9B5136C98BC0029BC57 /* Synchronizer.ice */ = {isa = PBXFileReference; fileEncoding = 4; lastKnownFileType = sourcecode.slice; name = Synchronizer.ice; path = ../slice/Synchronizer.ice; sourceTree = SOURCE_ROOT; };
		FE47F9B8136C99090029BC57 /* FSWatcher.cpp */ = {isa = PBXFileReference; fileEncoding = 4; lastKnownFileType = sourcecode.cpp.cpp; path = FSWatcher.cpp; sourceTree = "<group>"; };
		FE47F9B9136C99090029BC57 /* FSWatcher.h */ = {isa = PBXFileReference; fileEncoding = 4; lastKnownFileType = sourcecode.c.h; path = FSWatcher.h; sourceTree = "<group>"; };
		FE47F9BA136C99090029BC57 /* ImgFile.cpp */ = {isa = PBXFileReference; fileEncoding = 4; lastKnownFileType = sourcecode.cpp.cpp; path = ImgFile.cpp; sourceTree = "<group>"; };
		FE47F9BB136C99090029BC57 /* ImgFile.h */ = {isa = PBXFileReference; fileEncoding = 4; lastKnownFileType = sourcecode.c.h; path = ImgFile.h; sourceTree = "<group>"; };
		FE47F9BC136C99090029BC57 /* Profile.cpp */ = {isa = PBXFileReference; fileEncoding = 4; lastKnownFileType = sourcecode.cpp.cpp; path = Profile.cpp; sourceTree = "<group>"; };
		FE47F9BD136C99090029BC57 /* Profile.h */ = {isa = PBXFileReference; fileEncoding = 4; lastKnownFileType = sourcecode.c.h; path = Profile.h; sourceTree = "<group>"; };
		FE47F9BE136C99090029BC57 /* Synchronizer.cpp */ = {isa = PBXFileReference; fileEncoding = 4; lastKnownFileType = sourcecode.cpp.cpp; path = Synchronizer.cpp; sourceTree = "<group>"; };
		FE47F9BF136C99090029BC57 /* Synchronizer.h */ = {isa = PBXFileReference; fileEncoding = 4; lastKnownFileType = sourcecode.c.h; path = Synchronizer.h; sourceTree = "<group>"; };
		FE47F9C0136C99090029BC57 /* SynchronizerI.cpp */ = {isa = PBXFileReference; fileEncoding = 4; lastKnownFileType = sourcecode.cpp.cpp; path = SynchronizerI.cpp; sourceTree = "<group>"; };
		FE47F9C1136C99090029BC57 /* SynchronizerI.h */ = {isa = PBXFileReference; fileEncoding = 4; lastKnownFileType = sourcecode.c.h; path = SynchronizerI.h; sourceTree = "<group>"; };
		FE47F9C2136C99090029BC57 /* Watcher.cpp */ = {isa = PBXFileReference; fileEncoding = 4; lastKnownFileType = sourcecode.cpp.cpp; path = Watcher.cpp; sourceTree = "<group>"; };
		FE47F9C9136C991F0029BC57 /* OpenCV.framework */ = {isa = PBXFileReference; lastKnownFileType = wrapper.framework; name = OpenCV.framework; path = Library/Frameworks/OpenCV.framework; sourceTree = SDKROOT; };
		FE47F9CE136C99340029BC57 /* libcrypto.0.9.8.dylib */ = {isa = PBXFileReference; lastKnownFileType = "compiled.mach-o.dylib"; name = libcrypto.0.9.8.dylib; path = usr/lib/libcrypto.0.9.8.dylib; sourceTree = SDKROOT; };
/* End PBXFileReference section */

/* Begin PBXFrameworksBuildPhase section */
		8DD76F660486A84900D96B5E /* Frameworks */ = {
			isa = PBXFrameworksBuildPhase;
			buildActionMask = 2147483647;
			files = (
				FE47F9AE136C987A0029BC57 /* libIce.34.dylib in Frameworks */,
				FE47F9B0136C988A0029BC57 /* CoreServices.framework in Frameworks */,
				FE47F9B2136C98980029BC57 /* libIceUtil.34.dylib in Frameworks */,
				FE47F9CA136C991F0029BC57 /* OpenCV.framework in Frameworks */,
				FE47F9CF136C99340029BC57 /* libcrypto.0.9.8.dylib in Frameworks */,
			);
			runOnlyForDeploymentPostprocessing = 0;
		};
/* End PBXFrameworksBuildPhase section */

/* Begin PBXGroup section */
		08FB7794FE84155DC02AAC07 /* hatsync */ = {
			isa = PBXGroup;
			children = (
				FE47F9B3136C98A80029BC57 /* Slice */,
				08FB7795FE84155DC02AAC07 /* Source */,
				C6859E8C029090F304C91782 /* Documentation */,
				1AB674ADFE9D54B511CA2CBB /* Products */,
				FE47F9AD136C987A0029BC57 /* libIce.34.dylib */,
				FE47F9AF136C988A0029BC57 /* CoreServices.framework */,
				FE47F9B1136C98980029BC57 /* libIceUtil.34.dylib */,
				FE47F9C9136C991F0029BC57 /* OpenCV.framework */,
				FE47F9CE136C99340029BC57 /* libcrypto.0.9.8.dylib */,
			);
			name = hatsync;
			sourceTree = "<group>";
		};
		08FB7795FE84155DC02AAC07 /* Source */ = {
			isa = PBXGroup;
			children = (
				FE47F9B8136C99090029BC57 /* FSWatcher.cpp */,
				FE47F9B9136C99090029BC57 /* FSWatcher.h */,
				FE47F9BA136C99090029BC57 /* ImgFile.cpp */,
				FE47F9BB136C99090029BC57 /* ImgFile.h */,
				FE47F9BC136C99090029BC57 /* Profile.cpp */,
				FE47F9BD136C99090029BC57 /* Profile.h */,
				FE47F9BE136C99090029BC57 /* Synchronizer.cpp */,
				FE47F9BF136C99090029BC57 /* Synchronizer.h */,
				FE47F9C0136C99090029BC57 /* SynchronizerI.cpp */,
				FE47F9C1136C99090029BC57 /* SynchronizerI.h */,
				FE47F9C2136C99090029BC57 /* Watcher.cpp */,
				08FB7796FE84155DC02AAC07 /* main.cpp */,
			);
			name = Source;
			sourceTree = "<group>";
		};
		1AB674ADFE9D54B511CA2CBB /* Products */ = {
			isa = PBXGroup;
			children = (
				8DD76F6C0486A84900D96B5E /* hatsyncd */,
			);
			name = Products;
			sourceTree = "<group>";
		};
		C6859E8C029090F304C91782 /* Documentation */ = {
			isa = PBXGroup;
			children = (
				C6859E8B029090EE04C91782 /* hatsync.1 */,
			);
			name = Documentation;
			sourceTree = "<group>";
		};
		FE47F9B3136C98A80029BC57 /* Slice */ = {
			isa = PBXGroup;
			children = (
				FE47F9B4136C98BC0029BC57 /* Profile.ice */,
				FE47F9B5136C98BC0029BC57 /* Synchronizer.ice */,
			);
			name = Slice;
			sourceTree = "<group>";
		};
/* End PBXGroup section */

/* Begin PBXNativeTarget section */
		8DD76F620486A84900D96B5E /* hatsync */ = {
			isa = PBXNativeTarget;
			buildConfigurationList = 1DEB923108733DC60010E9CD /* Build configuration list for PBXNativeTarget "hatsync" */;
			buildPhases = (
				FE47F993136C962A0029BC57 /* ShellScript */,
				8DD76F640486A84900D96B5E /* Sources */,
				8DD76F660486A84900D96B5E /* Frameworks */,
				8DD76F690486A84900D96B5E /* CopyFiles */,
				FE47F991136C961F0029BC57 /* ShellScript */,
			);
			buildRules = (
			);
			dependencies = (
			);
			name = hatsync;
			productInstallPath = "$(HOME)/bin";
			productName = hatsync;
			productReference = 8DD76F6C0486A84900D96B5E /* hatsyncd */;
			productType = "com.apple.product-type.tool";
		};
/* End PBXNativeTarget section */

/* Begin PBXProject section */
		08FB7793FE84155DC02AAC07 /* Project object */ = {
			isa = PBXProject;
			buildConfigurationList = 1DEB923508733DC60010E9CD /* Build configuration list for PBXProject "hatsync" */;
			compatibilityVersion = "Xcode 3.1";
			hasScannedForEncodings = 1;
			mainGroup = 08FB7794FE84155DC02AAC07 /* hatsync */;
			projectDirPath = "";
			projectRoot = "";
			targets = (
				8DD76F620486A84900D96B5E /* hatsync */,
			);
		};
/* End PBXProject section */

/* Begin PBXShellScriptBuildPhase section */
		FE47F991136C961F0029BC57 /* ShellScript */ = {
			isa = PBXShellScriptBuildPhase;
			buildActionMask = 2147483647;
			files = (
			);
			inputPaths = (
			);
			outputPaths = (
			);
			runOnlyForDeploymentPostprocessing = 0;
			shellPath = /bin/sh;
			shellScript = "cp $CONFIGURATION_BUILD_DIR/$EXECUTABLE_PATH $PROJECT_DIR/../bin/$EXECUTABLE_PATH\n";
		};
		FE47F993136C962A0029BC57 /* ShellScript */ = {
			isa = PBXShellScriptBuildPhase;
			buildActionMask = 2147483647;
			files = (
			);
			inputPaths = (
			);
			outputPaths = (
			);
			runOnlyForDeploymentPostprocessing = 0;
			shellPath = /bin/sh;
			shellScript = "/opt/Ice-3.4/bin/slice2cpp -I/opt/Ice-3.4/slice ../slice/Profile.ice\n/opt/Ice-3.4/bin/slice2cpp -I/opt/Ice-3.4/slice ../slice/Synchronizer.ice";
		};
/* End PBXShellScriptBuildPhase section */

/* Begin PBXSourcesBuildPhase section */
		8DD76F640486A84900D96B5E /* Sources */ = {
			isa = PBXSourcesBuildPhase;
			buildActionMask = 2147483647;
			files = (
				8DD76F650486A84900D96B5E /* main.cpp in Sources */,
				FE47F9B6136C98BC0029BC57 /* Profile.ice in Sources */,
				FE47F9B7136C98BC0029BC57 /* Synchronizer.ice in Sources */,
				FE47F9C3136C99090029BC57 /* FSWatcher.cpp in Sources */,
				FE47F9C4136C99090029BC57 /* ImgFile.cpp in Sources */,
				FE47F9C5136C99090029BC57 /* Profile.cpp in Sources */,
				FE47F9C6136C99090029BC57 /* Synchronizer.cpp in Sources */,
				FE47F9C7136C99090029BC57 /* SynchronizerI.cpp in Sources */,
				FE47F9C8136C99090029BC57 /* Watcher.cpp in Sources */,
			);
			runOnlyForDeploymentPostprocessing = 0;
		};
/* End PBXSourcesBuildPhase section */

/* Begin XCBuildConfiguration section */
		1DEB923208733DC60010E9CD /* Debug */ = {
			isa = XCBuildConfiguration;
			buildSettings = {
				ALWAYS_SEARCH_USER_PATHS = NO;
				COPY_PHASE_STRIP = NO;
				GCC_DYNAMIC_NO_PIC = NO;
				GCC_ENABLE_FIX_AND_CONTINUE = YES;
				GCC_MODEL_TUNING = G5;
				GCC_OPTIMIZATION_LEVEL = 0;
				INSTALL_PATH = /usr/local/bin;
				LIBRARY_SEARCH_PATHS = (
					"$(inherited)",
					"\"/opt/Ice-3.4/lib\"",
				);
				PRODUCT_NAME = hatsyncd;
			};
			name = Debug;
		};
		1DEB923308733DC60010E9CD /* Release */ = {
			isa = XCBuildConfiguration;
			buildSettings = {
				ALWAYS_SEARCH_USER_PATHS = NO;
				DEBUG_INFORMATION_FORMAT = "dwarf-with-dsym";
				GCC_MODEL_TUNING = G5;
				INSTALL_PATH = /usr/local/bin;
				LIBRARY_SEARCH_PATHS = (
					"$(inherited)",
					"\"/opt/Ice-3.4/lib\"",
				);
				PRODUCT_NAME = hatsync;
			};
			name = Release;
		};
		1DEB923608733DC60010E9CD /* Debug */ = {
			isa = XCBuildConfiguration;
			buildSettings = {
				ARCHS = "$(ARCHS_STANDARD_32_BIT)";
				FRAMEWORK_SEARCH_PATHS = "";
				GCC_C_LANGUAGE_STANDARD = gnu99;
				GCC_OPTIMIZATION_LEVEL = 0;
				GCC_WARN_ABOUT_RETURN_TYPE = YES;
				GCC_WARN_UNUSED_VARIABLE = YES;
				HEADER_SEARCH_PATHS = (
					"/opt/Ice-3.4/include",
					.,
					/System/Library/Frameworks/OpenCV.framework/Headers,
				);
				LIBRARY_SEARCH_PATHS = "";
				ONLY_ACTIVE_ARCH = YES;
				PREBINDING = NO;
				SDKROOT = macosx10.6;
			};
			name = Debug;
		};
		1DEB923708733DC60010E9CD /* Release */ = {
			isa = XCBuildConfiguration;
			buildSettings = {
				ARCHS = "$(ARCHS_STANDARD_32_BIT)";
				GCC_C_LANGUAGE_STANDARD = gnu99;
				GCC_WARN_ABOUT_RETURN_TYPE = YES;
				GCC_WARN_UNUSED_VARIABLE = YES;
				HEADER_SEARCH_PATHS = (
					"/opt/Ice-3.4/include",
					.,
					/System/Library/Frameworks/OpenCV.framework/Headers,
				);
				ONLY_ACTIVE_ARCH = YES;
				PREBINDING = NO;
				SDKROOT = macosx10.6;
			};
			name = Release;
		};
/* End XCBuildConfiguration section */

/* Begin XCConfigurationList section */
		1DEB923108733DC60010E9CD /* Build configuration list for PBXNativeTarget "hatsync" */ = {
			isa = XCConfigurationList;
			buildConfigurations = (
				1DEB923208733DC60010E9CD /* Debug */,
				1DEB923308733DC60010E9CD /* Release */,
			);
			defaultConfigurationIsVisible = 0;
			defaultConfigurationName = Release;
		};
		1DEB923508733DC60010E9CD /* Build configuration list for PBXProject "hatsync" */ = {
			isa = XCConfigurationList;
			buildConfigurations = (
				1DEB923608733DC60010E9CD /* Debug */,
				1DEB923708733DC60010E9CD /* Release */,
			);
			defaultConfigurationIsVisible = 0;
			defaultConfigurationName = Release;
		};
/* End XCConfigurationList section */
	};
	rootObject = 08FB7793FE84155DC02AAC07 /* Project object */;
}
